// !$*UTF8*$!
{
	archiveVersion = 1;
	classes = {
	};
	objectVersion = 46;
	objects = {

/* Begin PBXBuildFile section */
		440A408C1573147A004B981D /* UIKit.framework in Frameworks */ = {isa = PBXBuildFile; fileRef = 440A408B1573147A004B981D /* UIKit.framework */; };
		440A408E1573147A004B981D /* Foundation.framework in Frameworks */ = {isa = PBXBuildFile; fileRef = 440A408D1573147A004B981D /* Foundation.framework */; };
		440A40901573147A004B981D /* CoreGraphics.framework in Frameworks */ = {isa = PBXBuildFile; fileRef = 440A408F1573147A004B981D /* CoreGraphics.framework */; };
		440A40961573147A004B981D /* InfoPlist.strings in Resources */ = {isa = PBXBuildFile; fileRef = 440A40941573147A004B981D /* InfoPlist.strings */; };
		440A40981573147A004B981D /* main.m in Sources */ = {isa = PBXBuildFile; fileRef = 440A40971573147A004B981D /* main.m */; };
		440A409C1573147A004B981D /* addbuttonAppDelegate.m in Sources */ = {isa = PBXBuildFile; fileRef = 440A409B1573147A004B981D /* addbuttonAppDelegate.m */; };
		440A409F1573147A004B981D /* addbuttonViewController.m in Sources */ = {isa = PBXBuildFile; fileRef = 440A409E1573147A004B981D /* addbuttonViewController.m */; };
		440A40A21573147A004B981D /* addbuttonViewController.xib in Resources */ = {isa = PBXBuildFile; fileRef = 440A40A01573147A004B981D /* addbuttonViewController.xib */; };
/* End PBXBuildFile section */

/* Begin PBXFileReference section */
		440A40871573147A004B981D /* DynamicAddButton.app */ = {isa = PBXFileReference; explicitFileType = wrapper.application; includeInIndex = 0; path = DynamicAddButton.app; sourceTree = BUILT_PRODUCTS_DIR; };
		440A408B1573147A004B981D /* UIKit.framework */ = {isa = PBXFileReference; lastKnownFileType = wrapper.framework; name = UIKit.framework; path = System/Library/Frameworks/UIKit.framework; sourceTree = SDKROOT; };
		440A408D1573147A004B981D /* Foundation.framework */ = {isa = PBXFileReference; lastKnownFileType = wrapper.framework; name = Foundation.framework; path = System/Library/Frameworks/Foundation.framework; sourceTree = SDKROOT; };
		440A408F1573147A004B981D /* CoreGraphics.framework */ = {isa = PBXFileReference; lastKnownFileType = wrapper.framework; name = CoreGraphics.framework; path = System/Library/Frameworks/CoreGraphics.framework; sourceTree = SDKROOT; };
		440A40931573147A004B981D /* DynamicAddButton-Info.plist */ = {isa = PBXFileReference; lastKnownFileType = text.plist.xml; path = "DynamicAddButton-Info.plist"; sourceTree = "<group>"; };
		440A40951573147A004B981D /* en */ = {isa = PBXFileReference; lastKnownFileType = text.plist.strings; name = en; path = en.lproj/InfoPlist.strings; sourceTree = "<group>"; };
		440A40971573147A004B981D /* main.m */ = {isa = PBXFileReference; lastKnownFileType = sourcecode.c.objc; path = main.m; sourceTree = "<group>"; };
		440A40991573147A004B981D /* DynamicAddButton-Prefix.pch */ = {isa = PBXFileReference; lastKnownFileType = sourcecode.c.h; path = "DynamicAddButton-Prefix.pch"; sourceTree = "<group>"; };
		440A409A1573147A004B981D /* addbuttonAppDelegate.h */ = {isa = PBXFileReference; lastKnownFileType = sourcecode.c.h; path = addbuttonAppDelegate.h; sourceTree = "<group>"; };
		440A409B1573147A004B981D /* addbuttonAppDelegate.m */ = {isa = PBXFileReference; lastKnownFileType = sourcecode.c.objc; path = addbuttonAppDelegate.m; sourceTree = "<group>"; };
		440A409D1573147A004B981D /* addbuttonViewController.h */ = {isa = PBXFileReference; lastKnownFileType = sourcecode.c.h; path = addbuttonViewController.h; sourceTree = "<group>"; };
		440A409E1573147A004B981D /* addbuttonViewController.m */ = {isa = PBXFileReference; lastKnownFileType = sourcecode.c.objc; path = addbuttonViewController.m; sourceTree = "<group>"; };
		440A40A11573147A004B981D /* en */ = {isa = PBXFileReference; lastKnownFileType = file.xib; name = en; path = en.lproj/addbuttonViewController.xib; sourceTree = "<group>"; };
/* End PBXFileReference section */

/* Begin PBXFrameworksBuildPhase section */
		440A40841573147A004B981D /* Frameworks */ = {
			isa = PBXFrameworksBuildPhase;
			buildActionMask = 2147483647;
			files = (
				440A408C1573147A004B981D /* UIKit.framework in Frameworks */,
				440A408E1573147A004B981D /* Foundation.framework in Frameworks */,
				440A40901573147A004B981D /* CoreGraphics.framework in Frameworks */,
			);
			runOnlyForDeploymentPostprocessing = 0;
		};
/* End PBXFrameworksBuildPhase section */

/* Begin PBXGroup section */
		440A407C1573147A004B981D = {
			isa = PBXGroup;
			children = (
				440A40911573147A004B981D /* DynamicAddButton */,
				440A408A1573147A004B981D /* Frameworks */,
				440A40881573147A004B981D /* Products */,
			);
			sourceTree = "<group>";
		};
		440A40881573147A004B981D /* Products */ = {
			isa = PBXGroup;
			children = (
				440A40871573147A004B981D /* DynamicAddButton.app */,
			);
			name = Products;
			sourceTree = "<group>";
		};
		440A408A1573147A004B981D /* Frameworks */ = {
			isa = PBXGroup;
			children = (
				440A408B1573147A004B981D /* UIKit.framework */,
				440A408D1573147A004B981D /* Foundation.framework */,
				440A408F1573147A004B981D /* CoreGraphics.framework */,
			);
			name = Frameworks;
			sourceTree = "<group>";
		};
		440A40911573147A004B981D /* DynamicAddButton */ = {
			isa = PBXGroup;
			children = (
				440A409A1573147A004B981D /* addbuttonAppDelegate.h */,
				440A409B1573147A004B981D /* addbuttonAppDelegate.m */,
				440A409D1573147A004B981D /* addbuttonViewController.h */,
				440A409E1573147A004B981D /* addbuttonViewController.m */,
				440A40A01573147A004B981D /* addbuttonViewController.xib */,
				440A40921573147A004B981D /* Supporting Files */,
			);
			path = DynamicAddButton;
			sourceTree = "<group>";
		};
		440A40921573147A004B981D /* Supporting Files */ = {
			isa = PBXGroup;
			children = (
				440A40931573147A004B981D /* DynamicAddButton-Info.plist */,
				440A40941573147A004B981D /* InfoPlist.strings */,
				440A40971573147A004B981D /* main.m */,
				440A40991573147A004B981D /* DynamicAddButton-Prefix.pch */,
			);
			name = "Supporting Files";
			sourceTree = "<group>";
		};
/* End PBXGroup section */

/* Begin PBXNativeTarget section */
		440A40861573147A004B981D /* DynamicAddButton */ = {
			isa = PBXNativeTarget;
			buildConfigurationList = 440A40A51573147A004B981D /* Build configuration list for PBXNativeTarget "DynamicAddButton" */;
			buildPhases = (
				440A40831573147A004B981D /* Sources */,
				440A40841573147A004B981D /* Frameworks */,
				440A40851573147A004B981D /* Resources */,
			);
			buildRules = (
			);
			dependencies = (
			);
			name = DynamicAddButton;
			productName = DynamicAddButton;
			productReference = 440A40871573147A004B981D /* DynamicAddButton.app */;
			productType = "com.apple.product-type.application";
		};
/* End PBXNativeTarget section */

/* Begin PBXProject section */
		440A407E1573147A004B981D /* Project object */ = {
			isa = PBXProject;
			attributes = {
				CLASSPREFIX = addbutton;
				LastUpgradeCheck = 0430;
			};
			buildConfigurationList = 440A40811573147A004B981D /* Build configuration list for PBXProject "DynamicAddButton" */;
			compatibilityVersion = "Xcode 3.2";
			developmentRegion = English;
			hasScannedForEncodings = 0;
			knownRegions = (
				en,
			);
			mainGroup = 440A407C1573147A004B981D;
			productRefGroup = 440A40881573147A004B981D /* Products */;
			projectDirPath = "";
			projectRoot = "";
			targets = (
				440A40861573147A004B981D /* DynamicAddButton */,
			);
		};
/* End PBXProject section */

/* Begin PBXResourcesBuildPhase section */
		440A40851573147A004B981D /* Resources */ = {
			isa = PBXResourcesBuildPhase;
			buildActionMask = 2147483647;
			files = (
				440A40961573147A004B981D /* InfoPlist.strings in Resources */,
				440A40A21573147A004B981D /* addbuttonViewController.xib in Resources */,
			);
			runOnlyForDeploymentPostprocessing = 0;
		};
/* End PBXResourcesBuildPhase section */

/* Begin PBXSourcesBuildPhase section */
		440A40831573147A004B981D /* Sources */ = {
			isa = PBXSourcesBuildPhase;
			buildActionMask = 2147483647;
			files = (
				440A40981573147A004B981D /* main.m in Sources */,
				440A409C1573147A004B981D /* addbuttonAppDelegate.m in Sources */,
				440A409F1573147A004B981D /* addbuttonViewController.m in Sources */,
			);
			runOnlyForDeploymentPostprocessing = 0;
		};
/* End PBXSourcesBuildPhase section */

/* Begin PBXVariantGroup section */
		440A40941573147A004B981D /* InfoPlist.strings */ = {
			isa = PBXVariantGroup;
			children = (
				440A40951573147A004B981D /* en */,
			);
			name = InfoPlist.strings;
			sourceTree = "<group>";
		};
		440A40A01573147A004B981D /* addbuttonViewController.xib */ = {
			isa = PBXVariantGroup;
			children = (
				440A40A11573147A004B981D /* en */,
			);
			name = addbuttonViewController.xib;
			sourceTree = "<group>";
		};
/* End PBXVariantGroup section */

/* Begin XCBuildConfiguration section */
		440A40A31573147A004B981D /* Debug */ = {
			isa = XCBuildConfiguration;
			buildSettings = {
				ALWAYS_SEARCH_USER_PATHS = NO;
				ARCHS = "$(ARCHS_STANDARD_32_BIT)";
				CLANG_ENABLE_OBJC_ARC = YES;
				"CODE_SIGN_IDENTITY[sdk=iphoneos*]" = "iPhone Developer";
				COPY_PHASE_STRIP = NO;
				GCC_C_LANGUAGE_STANDARD = gnu99;
				GCC_DYNAMIC_NO_PIC = NO;
				GCC_OPTIMIZATION_LEVEL = 0;
				GCC_PREPROCESSOR_DEFINITIONS = (
					"DEBUG=1",
					"$(inherited)",
				);
				GCC_SYMBOLS_PRIVATE_EXTERN = NO;
				GCC_VERSION = com.apple.compilers.llvm.clang.1_0;
				GCC_WARN_ABOUT_RETURN_TYPE = YES;
				GCC_WARN_UNINITIALIZED_AUTOS = YES;
				GCC_WARN_UNUSED_VARIABLE = YES;
				IPHONEOS_DEPLOYMENT_TARGET = 5.1;
				SDKROOT = iphoneos;
			};
			name = Debug;
		};
		440A40A41573147A004B981D /* Release */ = {
			isa = XCBuildConfiguration;
			buildSettings = {
				ALWAYS_SEARCH_USER_PATHS = NO;
				ARCHS = "$(ARCHS_STANDARD_32_BIT)";
				CLANG_ENABLE_OBJC_ARC = YES;
				"CODE_SIGN_IDENTITY[sdk=iphoneos*]" = "iPhone Developer";
				COPY_PHASE_STRIP = YES;
				GCC_C_LANGUAGE_STANDARD = gnu99;
				GCC_VERSION = com.apple.compilers.llvm.clang.1_0;
				GCC_WARN_ABOUT_RETURN_TYPE = YES;
				GCC_WARN_UNINITIALIZED_AUTOS = YES;
				GCC_WARN_UNUSED_VARIABLE = YES;
				IPHONEOS_DEPLOYMENT_TARGET = 5.1;
				OTHER_CFLAGS = "-DNS_BLOCK_ASSERTIONS=1";
				SDKROOT = iphoneos;
				VALIDATE_PRODUCT = YES;
			};
			name = Release;
		};
		440A40A61573147A004B981D /* Debug */ = {
			isa = XCBuildConfiguration;
			buildSettings = {
				GCC_PRECOMPILE_PREFIX_HEADER = YES;
				GCC_PREFIX_HEADER = "DynamicAddButton/DynamicAddButton-Prefix.pch";
				INFOPLIST_FILE = "DynamicAddButton/DynamicAddButton-Info.plist";
				PRODUCT_NAME = "$(TARGET_NAME)";
				WRAPPER_EXTENSION = app;
			};
			name = Debug;
		};
		440A40A71573147A004B981D /* Release */ = {
			isa = XCBuildConfiguration;
			buildSettings = {
				GCC_PRECOMPILE_PREFIX_HEADER = YES;
				GCC_PREFIX_HEADER = "DynamicAddButton/DynamicAddButton-Prefix.pch";
				INFOPLIST_FILE = "DynamicAddButton/DynamicAddButton-Info.plist";
				PRODUCT_NAME = "$(TARGET_NAME)";
				WRAPPER_EXTENSION = app;
			};
			name = Release;
		};
/* End XCBuildConfiguration section */

/* Begin XCConfigurationList section */
		440A40811573147A004B981D /* Build configuration list for PBXProject "DynamicAddButton" */ = {
			isa = XCConfigurationList;
			buildConfigurations = (
				440A40A31573147A004B981D /* Debug */,
				440A40A41573147A004B981D /* Release */,
			);
			defaultConfigurationIsVisible = 0;
			defaultConfigurationName = Release;
		};
		440A40A51573147A004B981D /* Build configuration list for PBXNativeTarget "DynamicAddButton" */ = {
			isa = XCConfigurationList;
			buildConfigurations = (
				440A40A61573147A004B981D /* Debug */,
				440A40A71573147A004B981D /* Release */,
			);
			defaultConfigurationIsVisible = 0;
			defaultConfigurationName = Release;
		};
/* End XCConfigurationList section */
	};
	rootObject = 440A407E1573147A004B981D /* Project object */;
}
