// !$*UTF8*$!
{
	archiveVersion = 1;
	classes = {
	};
	objectVersion = 46;
	objects = {

/* Begin PBXBuildFile section */
		44ED4831159169C700A11E2A /* UIKit.framework in Frameworks */ = {isa = PBXBuildFile; fileRef = 44ED4830159169C700A11E2A /* UIKit.framework */; };
		44ED4833159169C700A11E2A /* Foundation.framework in Frameworks */ = {isa = PBXBuildFile; fileRef = 44ED4832159169C700A11E2A /* Foundation.framework */; };
		44ED4835159169C700A11E2A /* CoreGraphics.framework in Frameworks */ = {isa = PBXBuildFile; fileRef = 44ED4834159169C700A11E2A /* CoreGraphics.framework */; };
		44ED483B159169C700A11E2A /* InfoPlist.strings in Resources */ = {isa = PBXBuildFile; fileRef = 44ED4839159169C700A11E2A /* InfoPlist.strings */; };
		44ED483D159169C700A11E2A /* main.m in Sources */ = {isa = PBXBuildFile; fileRef = 44ED483C159169C700A11E2A /* main.m */; };
		44ED4841159169C700A11E2A /* AppDelegate.m in Sources */ = {isa = PBXBuildFile; fileRef = 44ED4840159169C700A11E2A /* AppDelegate.m */; };
		44ED485815916EBC00A11E2A /* RootViewController.m in Sources */ = {isa = PBXBuildFile; fileRef = 44ED485615916EBC00A11E2A /* RootViewController.m */; };
		44ED485915916EBC00A11E2A /* RootViewController.xib in Resources */ = {isa = PBXBuildFile; fileRef = 44ED485715916EBC00A11E2A /* RootViewController.xib */; };
		44ED485D1591734500A11E2A /* SecondViewController.m in Sources */ = {isa = PBXBuildFile; fileRef = 44ED485B1591734500A11E2A /* SecondViewController.m */; };
		44ED485E1591734500A11E2A /* SecondViewController.xib in Resources */ = {isa = PBXBuildFile; fileRef = 44ED485C1591734500A11E2A /* SecondViewController.xib */; };
		44ED486E1591C2D300A11E2A /* ThridViewController.m in Sources */ = {isa = PBXBuildFile; fileRef = 44ED486C1591C2D300A11E2A /* ThridViewController.m */; };
		44ED486F1591C2D300A11E2A /* ThridViewController.xib in Resources */ = {isa = PBXBuildFile; fileRef = 44ED486D1591C2D300A11E2A /* ThridViewController.xib */; };
/* End PBXBuildFile section */

/* Begin PBXFileReference section */
		44ED482C159169C700A11E2A /* NavigationControllerDemo.app */ = {isa = PBXFileReference; explicitFileType = wrapper.application; includeInIndex = 0; path = NavigationControllerDemo.app; sourceTree = BUILT_PRODUCTS_DIR; };
		44ED4830159169C700A11E2A /* UIKit.framework */ = {isa = PBXFileReference; lastKnownFileType = wrapper.framework; name = UIKit.framework; path = System/Library/Frameworks/UIKit.framework; sourceTree = SDKROOT; };
		44ED4832159169C700A11E2A /* Foundation.framework */ = {isa = PBXFileReference; lastKnownFileType = wrapper.framework; name = Foundation.framework; path = System/Library/Frameworks/Foundation.framework; sourceTree = SDKROOT; };
		44ED4834159169C700A11E2A /* CoreGraphics.framework */ = {isa = PBXFileReference; lastKnownFileType = wrapper.framework; name = CoreGraphics.framework; path = System/Library/Frameworks/CoreGraphics.framework; sourceTree = SDKROOT; };
		44ED4838159169C700A11E2A /* NavigationControllerDemo-Info.plist */ = {isa = PBXFileReference; lastKnownFileType = text.plist.xml; path = "NavigationControllerDemo-Info.plist"; sourceTree = "<group>"; };
		44ED483A159169C700A11E2A /* en */ = {isa = PBXFileReference; lastKnownFileType = text.plist.strings; name = en; path = en.lproj/InfoPlist.strings; sourceTree = "<group>"; };
		44ED483C159169C700A11E2A /* main.m */ = {isa = PBXFileReference; lastKnownFileType = sourcecode.c.objc; path = main.m; sourceTree = "<group>"; };
		44ED483E159169C700A11E2A /* NavigationControllerDemo-Prefix.pch */ = {isa = PBXFileReference; lastKnownFileType = sourcecode.c.h; path = "NavigationControllerDemo-Prefix.pch"; sourceTree = "<group>"; };
		44ED483F159169C700A11E2A /* AppDelegate.h */ = {isa = PBXFileReference; lastKnownFileType = sourcecode.c.h; path = AppDelegate.h; sourceTree = "<group>"; };
		44ED4840159169C700A11E2A /* AppDelegate.m */ = {isa = PBXFileReference; lastKnownFileType = sourcecode.c.objc; path = AppDelegate.m; sourceTree = "<group>"; };
		44ED485515916EBC00A11E2A /* RootViewController.h */ = {isa = PBXFileReference; fileEncoding = 4; lastKnownFileType = sourcecode.c.h; path = RootViewController.h; sourceTree = "<group>"; };
		44ED485615916EBC00A11E2A /* RootViewController.m */ = {isa = PBXFileReference; fileEncoding = 4; lastKnownFileType = sourcecode.c.objc; path = RootViewController.m; sourceTree = "<group>"; };
		44ED485715916EBC00A11E2A /* RootViewController.xib */ = {isa = PBXFileReference; fileEncoding = 4; lastKnownFileType = file.xib; path = RootViewController.xib; sourceTree = "<group>"; };
		44ED485A1591734500A11E2A /* SecondViewController.h */ = {isa = PBXFileReference; fileEncoding = 4; lastKnownFileType = sourcecode.c.h; path = SecondViewController.h; sourceTree = "<group>"; };
		44ED485B1591734500A11E2A /* SecondViewController.m */ = {isa = PBXFileReference; fileEncoding = 4; lastKnownFileType = sourcecode.c.objc; path = SecondViewController.m; sourceTree = "<group>"; };
		44ED485C1591734500A11E2A /* SecondViewController.xib */ = {isa = PBXFileReference; fileEncoding = 4; lastKnownFileType = file.xib; path = SecondViewController.xib; sourceTree = "<group>"; };
		44ED486B1591C2D300A11E2A /* ThridViewController.h */ = {isa = PBXFileReference; fileEncoding = 4; lastKnownFileType = sourcecode.c.h; path = ThridViewController.h; sourceTree = "<group>"; };
		44ED486C1591C2D300A11E2A /* ThridViewController.m */ = {isa = PBXFileReference; fileEncoding = 4; lastKnownFileType = sourcecode.c.objc; path = ThridViewController.m; sourceTree = "<group>"; };
		44ED486D1591C2D300A11E2A /* ThridViewController.xib */ = {isa = PBXFileReference; fileEncoding = 4; lastKnownFileType = file.xib; path = ThridViewController.xib; sourceTree = "<group>"; };
/* End PBXFileReference section */

/* Begin PBXFrameworksBuildPhase section */
		44ED4829159169C700A11E2A /* Frameworks */ = {
			isa = PBXFrameworksBuildPhase;
			buildActionMask = 2147483647;
			files = (
				44ED4831159169C700A11E2A /* UIKit.framework in Frameworks */,
				44ED4833159169C700A11E2A /* Foundation.framework in Frameworks */,
				44ED4835159169C700A11E2A /* CoreGraphics.framework in Frameworks */,
			);
			runOnlyForDeploymentPostprocessing = 0;
		};
/* End PBXFrameworksBuildPhase section */

/* Begin PBXGroup section */
		44ED4821159169C700A11E2A = {
			isa = PBXGroup;
			children = (
				44ED4836159169C700A11E2A /* NavigationControllerDemo */,
				44ED482F159169C700A11E2A /* Frameworks */,
				44ED482D159169C700A11E2A /* Products */,
			);
			sourceTree = "<group>";
		};
		44ED482D159169C700A11E2A /* Products */ = {
			isa = PBXGroup;
			children = (
				44ED482C159169C700A11E2A /* NavigationControllerDemo.app */,
			);
			name = Products;
			sourceTree = "<group>";
		};
		44ED482F159169C700A11E2A /* Frameworks */ = {
			isa = PBXGroup;
			children = (
				44ED4830159169C700A11E2A /* UIKit.framework */,
				44ED4832159169C700A11E2A /* Foundation.framework */,
				44ED4834159169C700A11E2A /* CoreGraphics.framework */,
			);
			name = Frameworks;
			sourceTree = "<group>";
		};
		44ED4836159169C700A11E2A /* NavigationControllerDemo */ = {
			isa = PBXGroup;
			children = (
				44ED483F159169C700A11E2A /* AppDelegate.h */,
				44ED4840159169C700A11E2A /* AppDelegate.m */,
				44ED485515916EBC00A11E2A /* RootViewController.h */,
				44ED485615916EBC00A11E2A /* RootViewController.m */,
				44ED485715916EBC00A11E2A /* RootViewController.xib */,
				44ED485A1591734500A11E2A /* SecondViewController.h */,
				44ED485B1591734500A11E2A /* SecondViewController.m */,
				44ED485C1591734500A11E2A /* SecondViewController.xib */,
				44ED486B1591C2D300A11E2A /* ThridViewController.h */,
				44ED486C1591C2D300A11E2A /* ThridViewController.m */,
				44ED486D1591C2D300A11E2A /* ThridViewController.xib */,
				44ED4837159169C700A11E2A /* Supporting Files */,
			);
			path = NavigationControllerDemo;
			sourceTree = "<group>";
		};
		44ED4837159169C700A11E2A /* Supporting Files */ = {
			isa = PBXGroup;
			children = (
				44ED4838159169C700A11E2A /* NavigationControllerDemo-Info.plist */,
				44ED4839159169C700A11E2A /* InfoPlist.strings */,
				44ED483C159169C700A11E2A /* main.m */,
				44ED483E159169C700A11E2A /* NavigationControllerDemo-Prefix.pch */,
			);
			name = "Supporting Files";
			sourceTree = "<group>";
		};
/* End PBXGroup section */

/* Begin PBXNativeTarget section */
		44ED482B159169C700A11E2A /* NavigationControllerDemo */ = {
			isa = PBXNativeTarget;
			buildConfigurationList = 44ED484A159169C700A11E2A /* Build configuration list for PBXNativeTarget "NavigationControllerDemo" */;
			buildPhases = (
				44ED4828159169C700A11E2A /* Sources */,
				44ED4829159169C700A11E2A /* Frameworks */,
				44ED482A159169C700A11E2A /* Resources */,
			);
			buildRules = (
			);
			dependencies = (
			);
			name = NavigationControllerDemo;
			productName = NavigationControllerDemo;
			productReference = 44ED482C159169C700A11E2A /* NavigationControllerDemo.app */;
			productType = "com.apple.product-type.application";
		};
/* End PBXNativeTarget section */

/* Begin PBXProject section */
		44ED4823159169C700A11E2A /* Project object */ = {
			isa = PBXProject;
			attributes = {
				LastUpgradeCheck = 0430;
			};
			buildConfigurationList = 44ED4826159169C700A11E2A /* Build configuration list for PBXProject "NavigationControllerDemo" */;
			compatibilityVersion = "Xcode 3.2";
			developmentRegion = English;
			hasScannedForEncodings = 0;
			knownRegions = (
				en,
			);
			mainGroup = 44ED4821159169C700A11E2A;
			productRefGroup = 44ED482D159169C700A11E2A /* Products */;
			projectDirPath = "";
			projectRoot = "";
			targets = (
				44ED482B159169C700A11E2A /* NavigationControllerDemo */,
			);
		};
/* End PBXProject section */

/* Begin PBXResourcesBuildPhase section */
		44ED482A159169C700A11E2A /* Resources */ = {
			isa = PBXResourcesBuildPhase;
			buildActionMask = 2147483647;
			files = (
				44ED483B159169C700A11E2A /* InfoPlist.strings in Resources */,
				44ED485915916EBC00A11E2A /* RootViewController.xib in Resources */,
				44ED485E1591734500A11E2A /* SecondViewController.xib in Resources */,
				44ED486F1591C2D300A11E2A /* ThridViewController.xib in Resources */,
			);
			runOnlyForDeploymentPostprocessing = 0;
		};
/* End PBXResourcesBuildPhase section */

/* Begin PBXSourcesBuildPhase section */
		44ED4828159169C700A11E2A /* Sources */ = {
			isa = PBXSourcesBuildPhase;
			buildActionMask = 2147483647;
			files = (
				44ED483D159169C700A11E2A /* main.m in Sources */,
				44ED4841159169C700A11E2A /* AppDelegate.m in Sources */,
				44ED485815916EBC00A11E2A /* RootViewController.m in Sources */,
				44ED485D1591734500A11E2A /* SecondViewController.m in Sources */,
				44ED486E1591C2D300A11E2A /* ThridViewController.m in Sources */,
			);
			runOnlyForDeploymentPostprocessing = 0;
		};
/* End PBXSourcesBuildPhase section */

/* Begin PBXVariantGroup section */
		44ED4839159169C700A11E2A /* InfoPlist.strings */ = {
			isa = PBXVariantGroup;
			children = (
				44ED483A159169C700A11E2A /* en */,
			);
			name = InfoPlist.strings;
			sourceTree = "<group>";
		};
/* End PBXVariantGroup section */

/* Begin XCBuildConfiguration section */
		44ED4848159169C700A11E2A /* Debug */ = {
			isa = XCBuildConfiguration;
			buildSettings = {
				ALWAYS_SEARCH_USER_PATHS = NO;
				ARCHS = "$(ARCHS_STANDARD_32_BIT)";
				CLANG_ENABLE_OBJC_ARC = YES;
				"CODE_SIGN_IDENTITY[sdk=iphoneos*]" = "iPhone Developer";
				COPY_PHASE_STRIP = NO;
				GCC_C_LANGUAGE_STANDARD = gnu99;
				GCC_DYNAMIC_NO_PIC = NO;
				GCC_OPTIMIZATION_LEVEL = 0;
				GCC_PREPROCESSOR_DEFINITIONS = (
					"DEBUG=1",
					"$(inherited)",
				);
				GCC_SYMBOLS_PRIVATE_EXTERN = NO;
				GCC_VERSION = com.apple.compilers.llvm.clang.1_0;
				GCC_WARN_ABOUT_RETURN_TYPE = YES;
				GCC_WARN_UNINITIALIZED_AUTOS = YES;
				GCC_WARN_UNUSED_VARIABLE = YES;
				IPHONEOS_DEPLOYMENT_TARGET = 5.1;
				SDKROOT = iphoneos;
			};
			name = Debug;
		};
		44ED4849159169C700A11E2A /* Release */ = {
			isa = XCBuildConfiguration;
			buildSettings = {
				ALWAYS_SEARCH_USER_PATHS = NO;
				ARCHS = "$(ARCHS_STANDARD_32_BIT)";
				CLANG_ENABLE_OBJC_ARC = YES;
				"CODE_SIGN_IDENTITY[sdk=iphoneos*]" = "iPhone Developer";
				COPY_PHASE_STRIP = YES;
				GCC_C_LANGUAGE_STANDARD = gnu99;
				GCC_VERSION = com.apple.compilers.llvm.clang.1_0;
				GCC_WARN_ABOUT_RETURN_TYPE = YES;
				GCC_WARN_UNINITIALIZED_AUTOS = YES;
				GCC_WARN_UNUSED_VARIABLE = YES;
				IPHONEOS_DEPLOYMENT_TARGET = 5.1;
				OTHER_CFLAGS = "-DNS_BLOCK_ASSERTIONS=1";
				SDKROOT = iphoneos;
				VALIDATE_PRODUCT = YES;
			};
			name = Release;
		};
		44ED484B159169C700A11E2A /* Debug */ = {
			isa = XCBuildConfiguration;
			buildSettings = {
				GCC_PRECOMPILE_PREFIX_HEADER = YES;
				GCC_PREFIX_HEADER = "NavigationControllerDemo/NavigationControllerDemo-Prefix.pch";
				INFOPLIST_FILE = "NavigationControllerDemo/NavigationControllerDemo-Info.plist";
				PRODUCT_NAME = "$(TARGET_NAME)";
				WRAPPER_EXTENSION = app;
			};
			name = Debug;
		};
		44ED484C159169C700A11E2A /* Release */ = {
			isa = XCBuildConfiguration;
			buildSettings = {
				GCC_PRECOMPILE_PREFIX_HEADER = YES;
				GCC_PREFIX_HEADER = "NavigationControllerDemo/NavigationControllerDemo-Prefix.pch";
				INFOPLIST_FILE = "NavigationControllerDemo/NavigationControllerDemo-Info.plist";
				PRODUCT_NAME = "$(TARGET_NAME)";
				WRAPPER_EXTENSION = app;
			};
			name = Release;
		};
/* End XCBuildConfiguration section */

/* Begin XCConfigurationList section */
		44ED4826159169C700A11E2A /* Build configuration list for PBXProject "NavigationControllerDemo" */ = {
			isa = XCConfigurationList;
			buildConfigurations = (
				44ED4848159169C700A11E2A /* Debug */,
				44ED4849159169C700A11E2A /* Release */,
			);
			defaultConfigurationIsVisible = 0;
			defaultConfigurationName = Release;
		};
		44ED484A159169C700A11E2A /* Build configuration list for PBXNativeTarget "NavigationControllerDemo" */ = {
			isa = XCConfigurationList;
			buildConfigurations = (
				44ED484B159169C700A11E2A /* Debug */,
				44ED484C159169C700A11E2A /* Release */,
			);
			defaultConfigurationIsVisible = 0;
		};
/* End XCConfigurationList section */
	};
	rootObject = 44ED4823159169C700A11E2A /* Project object */;
}
