// !$*UTF8*$!
{
	archiveVersion = 1;
	classes = {
	};
	objectVersion = 46;
	objects = {

/* Begin PBXBuildFile section */
		44100AE71588BAF700C95C4B /* UIKit.framework in Frameworks */ = {isa = PBXBuildFile; fileRef = 44100AE61588BAF700C95C4B /* UIKit.framework */; };
		44100AE91588BAF700C95C4B /* Foundation.framework in Frameworks */ = {isa = PBXBuildFile; fileRef = 44100AE81588BAF700C95C4B /* Foundation.framework */; };
		44100AEB1588BAF700C95C4B /* CoreGraphics.framework in Frameworks */ = {isa = PBXBuildFile; fileRef = 44100AEA1588BAF700C95C4B /* CoreGraphics.framework */; };
		44100AF11588BAF700C95C4B /* InfoPlist.strings in Resources */ = {isa = PBXBuildFile; fileRef = 44100AEF1588BAF700C95C4B /* InfoPlist.strings */; };
		44100AF31588BAF700C95C4B /* main.m in Sources */ = {isa = PBXBuildFile; fileRef = 44100AF21588BAF700C95C4B /* main.m */; };
		44100AF71588BAF700C95C4B /* AppDelegate.m in Sources */ = {isa = PBXBuildFile; fileRef = 44100AF61588BAF700C95C4B /* AppDelegate.m */; };
		44100AFA1588BAF700C95C4B /* ViewController.m in Sources */ = {isa = PBXBuildFile; fileRef = 44100AF91588BAF700C95C4B /* ViewController.m */; };
		44100AFD1588BAF700C95C4B /* ViewController.xib in Resources */ = {isa = PBXBuildFile; fileRef = 44100AFB1588BAF700C95C4B /* ViewController.xib */; };
/* End PBXBuildFile section */

/* Begin PBXFileReference section */
		44100AE21588BAF700C95C4B /* NSString.app */ = {isa = PBXFileReference; explicitFileType = wrapper.application; includeInIndex = 0; path = NSString.app; sourceTree = BUILT_PRODUCTS_DIR; };
		44100AE61588BAF700C95C4B /* UIKit.framework */ = {isa = PBXFileReference; lastKnownFileType = wrapper.framework; name = UIKit.framework; path = System/Library/Frameworks/UIKit.framework; sourceTree = SDKROOT; };
		44100AE81588BAF700C95C4B /* Foundation.framework */ = {isa = PBXFileReference; lastKnownFileType = wrapper.framework; name = Foundation.framework; path = System/Library/Frameworks/Foundation.framework; sourceTree = SDKROOT; };
		44100AEA1588BAF700C95C4B /* CoreGraphics.framework */ = {isa = PBXFileReference; lastKnownFileType = wrapper.framework; name = CoreGraphics.framework; path = System/Library/Frameworks/CoreGraphics.framework; sourceTree = SDKROOT; };
		44100AEE1588BAF700C95C4B /* NSString-Info.plist */ = {isa = PBXFileReference; lastKnownFileType = text.plist.xml; path = "NSString-Info.plist"; sourceTree = "<group>"; };
		44100AF01588BAF700C95C4B /* en */ = {isa = PBXFileReference; lastKnownFileType = text.plist.strings; name = en; path = en.lproj/InfoPlist.strings; sourceTree = "<group>"; };
		44100AF21588BAF700C95C4B /* main.m */ = {isa = PBXFileReference; lastKnownFileType = sourcecode.c.objc; path = main.m; sourceTree = "<group>"; };
		44100AF41588BAF700C95C4B /* NSString-Prefix.pch */ = {isa = PBXFileReference; lastKnownFileType = sourcecode.c.h; path = "NSString-Prefix.pch"; sourceTree = "<group>"; };
		44100AF51588BAF700C95C4B /* AppDelegate.h */ = {isa = PBXFileReference; lastKnownFileType = sourcecode.c.h; path = AppDelegate.h; sourceTree = "<group>"; };
		44100AF61588BAF700C95C4B /* AppDelegate.m */ = {isa = PBXFileReference; lastKnownFileType = sourcecode.c.objc; path = AppDelegate.m; sourceTree = "<group>"; };
		44100AF81588BAF700C95C4B /* ViewController.h */ = {isa = PBXFileReference; lastKnownFileType = sourcecode.c.h; path = ViewController.h; sourceTree = "<group>"; };
		44100AF91588BAF700C95C4B /* ViewController.m */ = {isa = PBXFileReference; lastKnownFileType = sourcecode.c.objc; path = ViewController.m; sourceTree = "<group>"; };
		44100AFC1588BAF700C95C4B /* en */ = {isa = PBXFileReference; lastKnownFileType = file.xib; name = en; path = en.lproj/ViewController.xib; sourceTree = "<group>"; };
/* End PBXFileReference section */

/* Begin PBXFrameworksBuildPhase section */
		44100ADF1588BAF700C95C4B /* Frameworks */ = {
			isa = PBXFrameworksBuildPhase;
			buildActionMask = 2147483647;
			files = (
				44100AE71588BAF700C95C4B /* UIKit.framework in Frameworks */,
				44100AE91588BAF700C95C4B /* Foundation.framework in Frameworks */,
				44100AEB1588BAF700C95C4B /* CoreGraphics.framework in Frameworks */,
			);
			runOnlyForDeploymentPostprocessing = 0;
		};
/* End PBXFrameworksBuildPhase section */

/* Begin PBXGroup section */
		44100AD71588BAF700C95C4B = {
			isa = PBXGroup;
			children = (
				44100AEC1588BAF700C95C4B /* NSString */,
				44100AE51588BAF700C95C4B /* Frameworks */,
				44100AE31588BAF700C95C4B /* Products */,
			);
			sourceTree = "<group>";
		};
		44100AE31588BAF700C95C4B /* Products */ = {
			isa = PBXGroup;
			children = (
				44100AE21588BAF700C95C4B /* NSString.app */,
			);
			name = Products;
			sourceTree = "<group>";
		};
		44100AE51588BAF700C95C4B /* Frameworks */ = {
			isa = PBXGroup;
			children = (
				44100AE61588BAF700C95C4B /* UIKit.framework */,
				44100AE81588BAF700C95C4B /* Foundation.framework */,
				44100AEA1588BAF700C95C4B /* CoreGraphics.framework */,
			);
			name = Frameworks;
			sourceTree = "<group>";
		};
		44100AEC1588BAF700C95C4B /* NSString */ = {
			isa = PBXGroup;
			children = (
				44100AF51588BAF700C95C4B /* AppDelegate.h */,
				44100AF61588BAF700C95C4B /* AppDelegate.m */,
				44100AF81588BAF700C95C4B /* ViewController.h */,
				44100AF91588BAF700C95C4B /* ViewController.m */,
				44100AFB1588BAF700C95C4B /* ViewController.xib */,
				44100AED1588BAF700C95C4B /* Supporting Files */,
			);
			path = NSString;
			sourceTree = "<group>";
		};
		44100AED1588BAF700C95C4B /* Supporting Files */ = {
			isa = PBXGroup;
			children = (
				44100AEE1588BAF700C95C4B /* NSString-Info.plist */,
				44100AEF1588BAF700C95C4B /* InfoPlist.strings */,
				44100AF21588BAF700C95C4B /* main.m */,
				44100AF41588BAF700C95C4B /* NSString-Prefix.pch */,
			);
			name = "Supporting Files";
			sourceTree = "<group>";
		};
/* End PBXGroup section */

/* Begin PBXNativeTarget section */
		44100AE11588BAF700C95C4B /* NSString */ = {
			isa = PBXNativeTarget;
			buildConfigurationList = 44100B001588BAF700C95C4B /* Build configuration list for PBXNativeTarget "NSString" */;
			buildPhases = (
				44100ADE1588BAF700C95C4B /* Sources */,
				44100ADF1588BAF700C95C4B /* Frameworks */,
				44100AE01588BAF700C95C4B /* Resources */,
			);
			buildRules = (
			);
			dependencies = (
			);
			name = NSString;
			productName = NSString;
			productReference = 44100AE21588BAF700C95C4B /* NSString.app */;
			productType = "com.apple.product-type.application";
		};
/* End PBXNativeTarget section */

/* Begin PBXProject section */
		44100AD91588BAF700C95C4B /* Project object */ = {
			isa = PBXProject;
			attributes = {
				LastUpgradeCheck = 0430;
			};
			buildConfigurationList = 44100ADC1588BAF700C95C4B /* Build configuration list for PBXProject "NSString" */;
			compatibilityVersion = "Xcode 3.2";
			developmentRegion = English;
			hasScannedForEncodings = 0;
			knownRegions = (
				en,
			);
			mainGroup = 44100AD71588BAF700C95C4B;
			productRefGroup = 44100AE31588BAF700C95C4B /* Products */;
			projectDirPath = "";
			projectRoot = "";
			targets = (
				44100AE11588BAF700C95C4B /* NSString */,
			);
		};
/* End PBXProject section */

/* Begin PBXResourcesBuildPhase section */
		44100AE01588BAF700C95C4B /* Resources */ = {
			isa = PBXResourcesBuildPhase;
			buildActionMask = 2147483647;
			files = (
				44100AF11588BAF700C95C4B /* InfoPlist.strings in Resources */,
				44100AFD1588BAF700C95C4B /* ViewController.xib in Resources */,
			);
			runOnlyForDeploymentPostprocessing = 0;
		};
/* End PBXResourcesBuildPhase section */

/* Begin PBXSourcesBuildPhase section */
		44100ADE1588BAF700C95C4B /* Sources */ = {
			isa = PBXSourcesBuildPhase;
			buildActionMask = 2147483647;
			files = (
				44100AF31588BAF700C95C4B /* main.m in Sources */,
				44100AF71588BAF700C95C4B /* AppDelegate.m in Sources */,
				44100AFA1588BAF700C95C4B /* ViewController.m in Sources */,
			);
			runOnlyForDeploymentPostprocessing = 0;
		};
/* End PBXSourcesBuildPhase section */

/* Begin PBXVariantGroup section */
		44100AEF1588BAF700C95C4B /* InfoPlist.strings */ = {
			isa = PBXVariantGroup;
			children = (
				44100AF01588BAF700C95C4B /* en */,
			);
			name = InfoPlist.strings;
			sourceTree = "<group>";
		};
		44100AFB1588BAF700C95C4B /* ViewController.xib */ = {
			isa = PBXVariantGroup;
			children = (
				44100AFC1588BAF700C95C4B /* en */,
			);
			name = ViewController.xib;
			sourceTree = "<group>";
		};
/* End PBXVariantGroup section */

/* Begin XCBuildConfiguration section */
		44100AFE1588BAF700C95C4B /* Debug */ = {
			isa = XCBuildConfiguration;
			buildSettings = {
				ALWAYS_SEARCH_USER_PATHS = NO;
				ARCHS = "$(ARCHS_STANDARD_32_BIT)";
				CLANG_ENABLE_OBJC_ARC = YES;
				"CODE_SIGN_IDENTITY[sdk=iphoneos*]" = "iPhone Developer";
				COPY_PHASE_STRIP = NO;
				GCC_C_LANGUAGE_STANDARD = gnu99;
				GCC_DYNAMIC_NO_PIC = NO;
				GCC_OPTIMIZATION_LEVEL = 0;
				GCC_PREPROCESSOR_DEFINITIONS = (
					"DEBUG=1",
					"$(inherited)",
				);
				GCC_SYMBOLS_PRIVATE_EXTERN = NO;
				GCC_VERSION = com.apple.compilers.llvm.clang.1_0;
				GCC_WARN_ABOUT_RETURN_TYPE = YES;
				GCC_WARN_UNINITIALIZED_AUTOS = YES;
				GCC_WARN_UNUSED_VARIABLE = YES;
				IPHONEOS_DEPLOYMENT_TARGET = 5.1;
				SDKROOT = iphoneos;
			};
			name = Debug;
		};
		44100AFF1588BAF700C95C4B /* Release */ = {
			isa = XCBuildConfiguration;
			buildSettings = {
				ALWAYS_SEARCH_USER_PATHS = NO;
				ARCHS = "$(ARCHS_STANDARD_32_BIT)";
				CLANG_ENABLE_OBJC_ARC = YES;
				"CODE_SIGN_IDENTITY[sdk=iphoneos*]" = "iPhone Developer";
				COPY_PHASE_STRIP = YES;
				GCC_C_LANGUAGE_STANDARD = gnu99;
				GCC_VERSION = com.apple.compilers.llvm.clang.1_0;
				GCC_WARN_ABOUT_RETURN_TYPE = YES;
				GCC_WARN_UNINITIALIZED_AUTOS = YES;
				GCC_WARN_UNUSED_VARIABLE = YES;
				IPHONEOS_DEPLOYMENT_TARGET = 5.1;
				OTHER_CFLAGS = "-DNS_BLOCK_ASSERTIONS=1";
				SDKROOT = iphoneos;
				VALIDATE_PRODUCT = YES;
			};
			name = Release;
		};
		44100B011588BAF700C95C4B /* Debug */ = {
			isa = XCBuildConfiguration;
			buildSettings = {
				GCC_PRECOMPILE_PREFIX_HEADER = YES;
				GCC_PREFIX_HEADER = "NSString/NSString-Prefix.pch";
				INFOPLIST_FILE = "NSString/NSString-Info.plist";
				PRODUCT_NAME = "$(TARGET_NAME)";
				WRAPPER_EXTENSION = app;
			};
			name = Debug;
		};
		44100B021588BAF700C95C4B /* Release */ = {
			isa = XCBuildConfiguration;
			buildSettings = {
				GCC_PRECOMPILE_PREFIX_HEADER = YES;
				GCC_PREFIX_HEADER = "NSString/NSString-Prefix.pch";
				INFOPLIST_FILE = "NSString/NSString-Info.plist";
				PRODUCT_NAME = "$(TARGET_NAME)";
				WRAPPER_EXTENSION = app;
			};
			name = Release;
		};
/* End XCBuildConfiguration section */

/* Begin XCConfigurationList section */
		44100ADC1588BAF700C95C4B /* Build configuration list for PBXProject "NSString" */ = {
			isa = XCConfigurationList;
			buildConfigurations = (
				44100AFE1588BAF700C95C4B /* Debug */,
				44100AFF1588BAF700C95C4B /* Release */,
			);
			defaultConfigurationIsVisible = 0;
			defaultConfigurationName = Release;
		};
		44100B001588BAF700C95C4B /* Build configuration list for PBXNativeTarget "NSString" */ = {
			isa = XCConfigurationList;
			buildConfigurations = (
				44100B011588BAF700C95C4B /* Debug */,
				44100B021588BAF700C95C4B /* Release */,
			);
			defaultConfigurationIsVisible = 0;
		};
/* End XCConfigurationList section */
	};
	rootObject = 44100AD91588BAF700C95C4B /* Project object */;
}
