// !$*UTF8*$!
{
	archiveVersion = 1;
	classes = {
	};
	objectVersion = 46;
	objects = {

/* Begin PBXBuildFile section */
		44C1DB7A1577806B00EC80D7 /* UIKit.framework in Frameworks */ = {isa = PBXBuildFile; fileRef = 44C1DB791577806B00EC80D7 /* UIKit.framework */; };
		44C1DB7C1577806B00EC80D7 /* Foundation.framework in Frameworks */ = {isa = PBXBuildFile; fileRef = 44C1DB7B1577806B00EC80D7 /* Foundation.framework */; };
		44C1DB7E1577806B00EC80D7 /* CoreGraphics.framework in Frameworks */ = {isa = PBXBuildFile; fileRef = 44C1DB7D1577806B00EC80D7 /* CoreGraphics.framework */; };
		44C1DB841577806B00EC80D7 /* InfoPlist.strings in Resources */ = {isa = PBXBuildFile; fileRef = 44C1DB821577806B00EC80D7 /* InfoPlist.strings */; };
		44C1DB861577806B00EC80D7 /* main.m in Sources */ = {isa = PBXBuildFile; fileRef = 44C1DB851577806B00EC80D7 /* main.m */; };
		44C1DB8A1577806B00EC80D7 /* sheetviewAppDelegate.m in Sources */ = {isa = PBXBuildFile; fileRef = 44C1DB891577806B00EC80D7 /* sheetviewAppDelegate.m */; };
		44C1DB8D1577806B00EC80D7 /* sheetviewViewController.m in Sources */ = {isa = PBXBuildFile; fileRef = 44C1DB8C1577806B00EC80D7 /* sheetviewViewController.m */; };
		44C1DB901577806B00EC80D7 /* sheetviewViewController.xib in Resources */ = {isa = PBXBuildFile; fileRef = 44C1DB8E1577806B00EC80D7 /* sheetviewViewController.xib */; };
/* End PBXBuildFile section */

/* Begin PBXFileReference section */
		44C1DB751577806B00EC80D7 /* SheetView.app */ = {isa = PBXFileReference; explicitFileType = wrapper.application; includeInIndex = 0; path = SheetView.app; sourceTree = BUILT_PRODUCTS_DIR; };
		44C1DB791577806B00EC80D7 /* UIKit.framework */ = {isa = PBXFileReference; lastKnownFileType = wrapper.framework; name = UIKit.framework; path = System/Library/Frameworks/UIKit.framework; sourceTree = SDKROOT; };
		44C1DB7B1577806B00EC80D7 /* Foundation.framework */ = {isa = PBXFileReference; lastKnownFileType = wrapper.framework; name = Foundation.framework; path = System/Library/Frameworks/Foundation.framework; sourceTree = SDKROOT; };
		44C1DB7D1577806B00EC80D7 /* CoreGraphics.framework */ = {isa = PBXFileReference; lastKnownFileType = wrapper.framework; name = CoreGraphics.framework; path = System/Library/Frameworks/CoreGraphics.framework; sourceTree = SDKROOT; };
		44C1DB811577806B00EC80D7 /* SheetView-Info.plist */ = {isa = PBXFileReference; lastKnownFileType = text.plist.xml; path = "SheetView-Info.plist"; sourceTree = "<group>"; };
		44C1DB831577806B00EC80D7 /* en */ = {isa = PBXFileReference; lastKnownFileType = text.plist.strings; name = en; path = en.lproj/InfoPlist.strings; sourceTree = "<group>"; };
		44C1DB851577806B00EC80D7 /* main.m */ = {isa = PBXFileReference; lastKnownFileType = sourcecode.c.objc; path = main.m; sourceTree = "<group>"; };
		44C1DB871577806B00EC80D7 /* SheetView-Prefix.pch */ = {isa = PBXFileReference; lastKnownFileType = sourcecode.c.h; path = "SheetView-Prefix.pch"; sourceTree = "<group>"; };
		44C1DB881577806B00EC80D7 /* sheetviewAppDelegate.h */ = {isa = PBXFileReference; lastKnownFileType = sourcecode.c.h; path = sheetviewAppDelegate.h; sourceTree = "<group>"; };
		44C1DB891577806B00EC80D7 /* sheetviewAppDelegate.m */ = {isa = PBXFileReference; lastKnownFileType = sourcecode.c.objc; path = sheetviewAppDelegate.m; sourceTree = "<group>"; };
		44C1DB8B1577806B00EC80D7 /* sheetviewViewController.h */ = {isa = PBXFileReference; lastKnownFileType = sourcecode.c.h; path = sheetviewViewController.h; sourceTree = "<group>"; };
		44C1DB8C1577806B00EC80D7 /* sheetviewViewController.m */ = {isa = PBXFileReference; lastKnownFileType = sourcecode.c.objc; path = sheetviewViewController.m; sourceTree = "<group>"; };
		44C1DB8F1577806B00EC80D7 /* en */ = {isa = PBXFileReference; lastKnownFileType = file.xib; name = en; path = en.lproj/sheetviewViewController.xib; sourceTree = "<group>"; };
/* End PBXFileReference section */

/* Begin PBXFrameworksBuildPhase section */
		44C1DB721577806B00EC80D7 /* Frameworks */ = {
			isa = PBXFrameworksBuildPhase;
			buildActionMask = 2147483647;
			files = (
				44C1DB7A1577806B00EC80D7 /* UIKit.framework in Frameworks */,
				44C1DB7C1577806B00EC80D7 /* Foundation.framework in Frameworks */,
				44C1DB7E1577806B00EC80D7 /* CoreGraphics.framework in Frameworks */,
			);
			runOnlyForDeploymentPostprocessing = 0;
		};
/* End PBXFrameworksBuildPhase section */

/* Begin PBXGroup section */
		44C1DB6A1577806A00EC80D7 = {
			isa = PBXGroup;
			children = (
				44C1DB7F1577806B00EC80D7 /* SheetView */,
				44C1DB781577806B00EC80D7 /* Frameworks */,
				44C1DB761577806B00EC80D7 /* Products */,
			);
			sourceTree = "<group>";
		};
		44C1DB761577806B00EC80D7 /* Products */ = {
			isa = PBXGroup;
			children = (
				44C1DB751577806B00EC80D7 /* SheetView.app */,
			);
			name = Products;
			sourceTree = "<group>";
		};
		44C1DB781577806B00EC80D7 /* Frameworks */ = {
			isa = PBXGroup;
			children = (
				44C1DB791577806B00EC80D7 /* UIKit.framework */,
				44C1DB7B1577806B00EC80D7 /* Foundation.framework */,
				44C1DB7D1577806B00EC80D7 /* CoreGraphics.framework */,
			);
			name = Frameworks;
			sourceTree = "<group>";
		};
		44C1DB7F1577806B00EC80D7 /* SheetView */ = {
			isa = PBXGroup;
			children = (
				44C1DB881577806B00EC80D7 /* sheetviewAppDelegate.h */,
				44C1DB891577806B00EC80D7 /* sheetviewAppDelegate.m */,
				44C1DB8B1577806B00EC80D7 /* sheetviewViewController.h */,
				44C1DB8C1577806B00EC80D7 /* sheetviewViewController.m */,
				44C1DB8E1577806B00EC80D7 /* sheetviewViewController.xib */,
				44C1DB801577806B00EC80D7 /* Supporting Files */,
			);
			path = SheetView;
			sourceTree = "<group>";
		};
		44C1DB801577806B00EC80D7 /* Supporting Files */ = {
			isa = PBXGroup;
			children = (
				44C1DB811577806B00EC80D7 /* SheetView-Info.plist */,
				44C1DB821577806B00EC80D7 /* InfoPlist.strings */,
				44C1DB851577806B00EC80D7 /* main.m */,
				44C1DB871577806B00EC80D7 /* SheetView-Prefix.pch */,
			);
			name = "Supporting Files";
			sourceTree = "<group>";
		};
/* End PBXGroup section */

/* Begin PBXNativeTarget section */
		44C1DB741577806B00EC80D7 /* SheetView */ = {
			isa = PBXNativeTarget;
			buildConfigurationList = 44C1DB931577806B00EC80D7 /* Build configuration list for PBXNativeTarget "SheetView" */;
			buildPhases = (
				44C1DB711577806B00EC80D7 /* Sources */,
				44C1DB721577806B00EC80D7 /* Frameworks */,
				44C1DB731577806B00EC80D7 /* Resources */,
			);
			buildRules = (
			);
			dependencies = (
			);
			name = SheetView;
			productName = SheetView;
			productReference = 44C1DB751577806B00EC80D7 /* SheetView.app */;
			productType = "com.apple.product-type.application";
		};
/* End PBXNativeTarget section */

/* Begin PBXProject section */
		44C1DB6C1577806A00EC80D7 /* Project object */ = {
			isa = PBXProject;
			attributes = {
				CLASSPREFIX = sheetview;
				LastUpgradeCheck = 0430;
			};
			buildConfigurationList = 44C1DB6F1577806A00EC80D7 /* Build configuration list for PBXProject "SheetView" */;
			compatibilityVersion = "Xcode 3.2";
			developmentRegion = English;
			hasScannedForEncodings = 0;
			knownRegions = (
				en,
			);
			mainGroup = 44C1DB6A1577806A00EC80D7;
			productRefGroup = 44C1DB761577806B00EC80D7 /* Products */;
			projectDirPath = "";
			projectRoot = "";
			targets = (
				44C1DB741577806B00EC80D7 /* SheetView */,
			);
		};
/* End PBXProject section */

/* Begin PBXResourcesBuildPhase section */
		44C1DB731577806B00EC80D7 /* Resources */ = {
			isa = PBXResourcesBuildPhase;
			buildActionMask = 2147483647;
			files = (
				44C1DB841577806B00EC80D7 /* InfoPlist.strings in Resources */,
				44C1DB901577806B00EC80D7 /* sheetviewViewController.xib in Resources */,
			);
			runOnlyForDeploymentPostprocessing = 0;
		};
/* End PBXResourcesBuildPhase section */

/* Begin PBXSourcesBuildPhase section */
		44C1DB711577806B00EC80D7 /* Sources */ = {
			isa = PBXSourcesBuildPhase;
			buildActionMask = 2147483647;
			files = (
				44C1DB861577806B00EC80D7 /* main.m in Sources */,
				44C1DB8A1577806B00EC80D7 /* sheetviewAppDelegate.m in Sources */,
				44C1DB8D1577806B00EC80D7 /* sheetviewViewController.m in Sources */,
			);
			runOnlyForDeploymentPostprocessing = 0;
		};
/* End PBXSourcesBuildPhase section */

/* Begin PBXVariantGroup section */
		44C1DB821577806B00EC80D7 /* InfoPlist.strings */ = {
			isa = PBXVariantGroup;
			children = (
				44C1DB831577806B00EC80D7 /* en */,
			);
			name = InfoPlist.strings;
			sourceTree = "<group>";
		};
		44C1DB8E1577806B00EC80D7 /* sheetviewViewController.xib */ = {
			isa = PBXVariantGroup;
			children = (
				44C1DB8F1577806B00EC80D7 /* en */,
			);
			name = sheetviewViewController.xib;
			sourceTree = "<group>";
		};
/* End PBXVariantGroup section */

/* Begin XCBuildConfiguration section */
		44C1DB911577806B00EC80D7 /* Debug */ = {
			isa = XCBuildConfiguration;
			buildSettings = {
				ALWAYS_SEARCH_USER_PATHS = NO;
				ARCHS = "$(ARCHS_STANDARD_32_BIT)";
				CLANG_ENABLE_OBJC_ARC = YES;
				"CODE_SIGN_IDENTITY[sdk=iphoneos*]" = "iPhone Developer";
				COPY_PHASE_STRIP = NO;
				GCC_C_LANGUAGE_STANDARD = gnu99;
				GCC_DYNAMIC_NO_PIC = NO;
				GCC_OPTIMIZATION_LEVEL = 0;
				GCC_PREPROCESSOR_DEFINITIONS = (
					"DEBUG=1",
					"$(inherited)",
				);
				GCC_SYMBOLS_PRIVATE_EXTERN = NO;
				GCC_VERSION = com.apple.compilers.llvm.clang.1_0;
				GCC_WARN_ABOUT_RETURN_TYPE = YES;
				GCC_WARN_UNINITIALIZED_AUTOS = YES;
				GCC_WARN_UNUSED_VARIABLE = YES;
				IPHONEOS_DEPLOYMENT_TARGET = 5.1;
				SDKROOT = iphoneos;
			};
			name = Debug;
		};
		44C1DB921577806B00EC80D7 /* Release */ = {
			isa = XCBuildConfiguration;
			buildSettings = {
				ALWAYS_SEARCH_USER_PATHS = NO;
				ARCHS = "$(ARCHS_STANDARD_32_BIT)";
				CLANG_ENABLE_OBJC_ARC = YES;
				"CODE_SIGN_IDENTITY[sdk=iphoneos*]" = "iPhone Developer";
				COPY_PHASE_STRIP = YES;
				GCC_C_LANGUAGE_STANDARD = gnu99;
				GCC_VERSION = com.apple.compilers.llvm.clang.1_0;
				GCC_WARN_ABOUT_RETURN_TYPE = YES;
				GCC_WARN_UNINITIALIZED_AUTOS = YES;
				GCC_WARN_UNUSED_VARIABLE = YES;
				IPHONEOS_DEPLOYMENT_TARGET = 5.1;
				OTHER_CFLAGS = "-DNS_BLOCK_ASSERTIONS=1";
				SDKROOT = iphoneos;
				VALIDATE_PRODUCT = YES;
			};
			name = Release;
		};
		44C1DB941577806B00EC80D7 /* Debug */ = {
			isa = XCBuildConfiguration;
			buildSettings = {
				GCC_PRECOMPILE_PREFIX_HEADER = YES;
				GCC_PREFIX_HEADER = "SheetView/SheetView-Prefix.pch";
				INFOPLIST_FILE = "SheetView/SheetView-Info.plist";
				PRODUCT_NAME = "$(TARGET_NAME)";
				WRAPPER_EXTENSION = app;
			};
			name = Debug;
		};
		44C1DB951577806B00EC80D7 /* Release */ = {
			isa = XCBuildConfiguration;
			buildSettings = {
				GCC_PRECOMPILE_PREFIX_HEADER = YES;
				GCC_PREFIX_HEADER = "SheetView/SheetView-Prefix.pch";
				INFOPLIST_FILE = "SheetView/SheetView-Info.plist";
				PRODUCT_NAME = "$(TARGET_NAME)";
				WRAPPER_EXTENSION = app;
			};
			name = Release;
		};
/* End XCBuildConfiguration section */

/* Begin XCConfigurationList section */
		44C1DB6F1577806A00EC80D7 /* Build configuration list for PBXProject "SheetView" */ = {
			isa = XCConfigurationList;
			buildConfigurations = (
				44C1DB911577806B00EC80D7 /* Debug */,
				44C1DB921577806B00EC80D7 /* Release */,
			);
			defaultConfigurationIsVisible = 0;
			defaultConfigurationName = Release;
		};
		44C1DB931577806B00EC80D7 /* Build configuration list for PBXNativeTarget "SheetView" */ = {
			isa = XCConfigurationList;
			buildConfigurations = (
				44C1DB941577806B00EC80D7 /* Debug */,
				44C1DB951577806B00EC80D7 /* Release */,
			);
			defaultConfigurationIsVisible = 0;
		};
/* End XCConfigurationList section */
	};
	rootObject = 44C1DB6C1577806A00EC80D7 /* Project object */;
}
