// !$*UTF8*$!
{
	archiveVersion = 1;
	classes = {
	};
	objectVersion = 46;
	objects = {

/* Begin PBXBuildFile section */
		4429EB0415931EC700DF193D /* UIKit.framework in Frameworks */ = {isa = PBXBuildFile; fileRef = 4429EB0315931EC700DF193D /* UIKit.framework */; };
		4429EB0615931EC700DF193D /* Foundation.framework in Frameworks */ = {isa = PBXBuildFile; fileRef = 4429EB0515931EC700DF193D /* Foundation.framework */; };
		4429EB0815931EC700DF193D /* CoreGraphics.framework in Frameworks */ = {isa = PBXBuildFile; fileRef = 4429EB0715931EC700DF193D /* CoreGraphics.framework */; };
		4429EB0E15931EC700DF193D /* InfoPlist.strings in Resources */ = {isa = PBXBuildFile; fileRef = 4429EB0C15931EC700DF193D /* InfoPlist.strings */; };
		4429EB1015931EC700DF193D /* main.m in Sources */ = {isa = PBXBuildFile; fileRef = 4429EB0F15931EC700DF193D /* main.m */; };
		4429EB1415931EC700DF193D /* AppDelegate.m in Sources */ = {isa = PBXBuildFile; fileRef = 4429EB1315931EC700DF193D /* AppDelegate.m */; };
		4429EB1715931EC700DF193D /* ViewController.m in Sources */ = {isa = PBXBuildFile; fileRef = 4429EB1615931EC700DF193D /* ViewController.m */; };
		4429EB1A15931EC700DF193D /* ViewController.xib in Resources */ = {isa = PBXBuildFile; fileRef = 4429EB1815931EC700DF193D /* ViewController.xib */; };
/* End PBXBuildFile section */

/* Begin PBXFileReference section */
		4429EAFF15931EC700DF193D /* DatePickDemo.app */ = {isa = PBXFileReference; explicitFileType = wrapper.application; includeInIndex = 0; path = DatePickDemo.app; sourceTree = BUILT_PRODUCTS_DIR; };
		4429EB0315931EC700DF193D /* UIKit.framework */ = {isa = PBXFileReference; lastKnownFileType = wrapper.framework; name = UIKit.framework; path = System/Library/Frameworks/UIKit.framework; sourceTree = SDKROOT; };
		4429EB0515931EC700DF193D /* Foundation.framework */ = {isa = PBXFileReference; lastKnownFileType = wrapper.framework; name = Foundation.framework; path = System/Library/Frameworks/Foundation.framework; sourceTree = SDKROOT; };
		4429EB0715931EC700DF193D /* CoreGraphics.framework */ = {isa = PBXFileReference; lastKnownFileType = wrapper.framework; name = CoreGraphics.framework; path = System/Library/Frameworks/CoreGraphics.framework; sourceTree = SDKROOT; };
		4429EB0B15931EC700DF193D /* DatePickDemo-Info.plist */ = {isa = PBXFileReference; lastKnownFileType = text.plist.xml; path = "DatePickDemo-Info.plist"; sourceTree = "<group>"; };
		4429EB0D15931EC700DF193D /* en */ = {isa = PBXFileReference; lastKnownFileType = text.plist.strings; name = en; path = en.lproj/InfoPlist.strings; sourceTree = "<group>"; };
		4429EB0F15931EC700DF193D /* main.m */ = {isa = PBXFileReference; lastKnownFileType = sourcecode.c.objc; path = main.m; sourceTree = "<group>"; };
		4429EB1115931EC700DF193D /* DatePickDemo-Prefix.pch */ = {isa = PBXFileReference; lastKnownFileType = sourcecode.c.h; path = "DatePickDemo-Prefix.pch"; sourceTree = "<group>"; };
		4429EB1215931EC700DF193D /* AppDelegate.h */ = {isa = PBXFileReference; lastKnownFileType = sourcecode.c.h; path = AppDelegate.h; sourceTree = "<group>"; };
		4429EB1315931EC700DF193D /* AppDelegate.m */ = {isa = PBXFileReference; lastKnownFileType = sourcecode.c.objc; path = AppDelegate.m; sourceTree = "<group>"; };
		4429EB1515931EC700DF193D /* ViewController.h */ = {isa = PBXFileReference; lastKnownFileType = sourcecode.c.h; path = ViewController.h; sourceTree = "<group>"; };
		4429EB1615931EC700DF193D /* ViewController.m */ = {isa = PBXFileReference; lastKnownFileType = sourcecode.c.objc; path = ViewController.m; sourceTree = "<group>"; };
		4429EB1915931EC700DF193D /* en */ = {isa = PBXFileReference; lastKnownFileType = file.xib; name = en; path = en.lproj/ViewController.xib; sourceTree = "<group>"; };
/* End PBXFileReference section */

/* Begin PBXFrameworksBuildPhase section */
		4429EAFC15931EC700DF193D /* Frameworks */ = {
			isa = PBXFrameworksBuildPhase;
			buildActionMask = 2147483647;
			files = (
				4429EB0415931EC700DF193D /* UIKit.framework in Frameworks */,
				4429EB0615931EC700DF193D /* Foundation.framework in Frameworks */,
				4429EB0815931EC700DF193D /* CoreGraphics.framework in Frameworks */,
			);
			runOnlyForDeploymentPostprocessing = 0;
		};
/* End PBXFrameworksBuildPhase section */

/* Begin PBXGroup section */
		4429EAF415931EC700DF193D = {
			isa = PBXGroup;
			children = (
				4429EB0915931EC700DF193D /* DatePickDemo */,
				4429EB0215931EC700DF193D /* Frameworks */,
				4429EB0015931EC700DF193D /* Products */,
			);
			sourceTree = "<group>";
		};
		4429EB0015931EC700DF193D /* Products */ = {
			isa = PBXGroup;
			children = (
				4429EAFF15931EC700DF193D /* DatePickDemo.app */,
			);
			name = Products;
			sourceTree = "<group>";
		};
		4429EB0215931EC700DF193D /* Frameworks */ = {
			isa = PBXGroup;
			children = (
				4429EB0315931EC700DF193D /* UIKit.framework */,
				4429EB0515931EC700DF193D /* Foundation.framework */,
				4429EB0715931EC700DF193D /* CoreGraphics.framework */,
			);
			name = Frameworks;
			sourceTree = "<group>";
		};
		4429EB0915931EC700DF193D /* DatePickDemo */ = {
			isa = PBXGroup;
			children = (
				4429EB1215931EC700DF193D /* AppDelegate.h */,
				4429EB1315931EC700DF193D /* AppDelegate.m */,
				4429EB1515931EC700DF193D /* ViewController.h */,
				4429EB1615931EC700DF193D /* ViewController.m */,
				4429EB1815931EC700DF193D /* ViewController.xib */,
				4429EB0A15931EC700DF193D /* Supporting Files */,
			);
			path = DatePickDemo;
			sourceTree = "<group>";
		};
		4429EB0A15931EC700DF193D /* Supporting Files */ = {
			isa = PBXGroup;
			children = (
				4429EB0B15931EC700DF193D /* DatePickDemo-Info.plist */,
				4429EB0C15931EC700DF193D /* InfoPlist.strings */,
				4429EB0F15931EC700DF193D /* main.m */,
				4429EB1115931EC700DF193D /* DatePickDemo-Prefix.pch */,
			);
			name = "Supporting Files";
			sourceTree = "<group>";
		};
/* End PBXGroup section */

/* Begin PBXNativeTarget section */
		4429EAFE15931EC700DF193D /* DatePickDemo */ = {
			isa = PBXNativeTarget;
			buildConfigurationList = 4429EB1D15931EC700DF193D /* Build configuration list for PBXNativeTarget "DatePickDemo" */;
			buildPhases = (
				4429EAFB15931EC700DF193D /* Sources */,
				4429EAFC15931EC700DF193D /* Frameworks */,
				4429EAFD15931EC700DF193D /* Resources */,
			);
			buildRules = (
			);
			dependencies = (
			);
			name = DatePickDemo;
			productName = DatePickDemo;
			productReference = 4429EAFF15931EC700DF193D /* DatePickDemo.app */;
			productType = "com.apple.product-type.application";
		};
/* End PBXNativeTarget section */

/* Begin PBXProject section */
		4429EAF615931EC700DF193D /* Project object */ = {
			isa = PBXProject;
			attributes = {
				LastUpgradeCheck = 0430;
			};
			buildConfigurationList = 4429EAF915931EC700DF193D /* Build configuration list for PBXProject "DatePickDemo" */;
			compatibilityVersion = "Xcode 3.2";
			developmentRegion = English;
			hasScannedForEncodings = 0;
			knownRegions = (
				en,
			);
			mainGroup = 4429EAF415931EC700DF193D;
			productRefGroup = 4429EB0015931EC700DF193D /* Products */;
			projectDirPath = "";
			projectRoot = "";
			targets = (
				4429EAFE15931EC700DF193D /* DatePickDemo */,
			);
		};
/* End PBXProject section */

/* Begin PBXResourcesBuildPhase section */
		4429EAFD15931EC700DF193D /* Resources */ = {
			isa = PBXResourcesBuildPhase;
			buildActionMask = 2147483647;
			files = (
				4429EB0E15931EC700DF193D /* InfoPlist.strings in Resources */,
				4429EB1A15931EC700DF193D /* ViewController.xib in Resources */,
			);
			runOnlyForDeploymentPostprocessing = 0;
		};
/* End PBXResourcesBuildPhase section */

/* Begin PBXSourcesBuildPhase section */
		4429EAFB15931EC700DF193D /* Sources */ = {
			isa = PBXSourcesBuildPhase;
			buildActionMask = 2147483647;
			files = (
				4429EB1015931EC700DF193D /* main.m in Sources */,
				4429EB1415931EC700DF193D /* AppDelegate.m in Sources */,
				4429EB1715931EC700DF193D /* ViewController.m in Sources */,
			);
			runOnlyForDeploymentPostprocessing = 0;
		};
/* End PBXSourcesBuildPhase section */

/* Begin PBXVariantGroup section */
		4429EB0C15931EC700DF193D /* InfoPlist.strings */ = {
			isa = PBXVariantGroup;
			children = (
				4429EB0D15931EC700DF193D /* en */,
			);
			name = InfoPlist.strings;
			sourceTree = "<group>";
		};
		4429EB1815931EC700DF193D /* ViewController.xib */ = {
			isa = PBXVariantGroup;
			children = (
				4429EB1915931EC700DF193D /* en */,
			);
			name = ViewController.xib;
			sourceTree = "<group>";
		};
/* End PBXVariantGroup section */

/* Begin XCBuildConfiguration section */
		4429EB1B15931EC700DF193D /* Debug */ = {
			isa = XCBuildConfiguration;
			buildSettings = {
				ALWAYS_SEARCH_USER_PATHS = NO;
				ARCHS = "$(ARCHS_STANDARD_32_BIT)";
				CLANG_ENABLE_OBJC_ARC = YES;
				"CODE_SIGN_IDENTITY[sdk=iphoneos*]" = "iPhone Developer";
				COPY_PHASE_STRIP = NO;
				GCC_C_LANGUAGE_STANDARD = gnu99;
				GCC_DYNAMIC_NO_PIC = NO;
				GCC_OPTIMIZATION_LEVEL = 0;
				GCC_PREPROCESSOR_DEFINITIONS = (
					"DEBUG=1",
					"$(inherited)",
				);
				GCC_SYMBOLS_PRIVATE_EXTERN = NO;
				GCC_VERSION = com.apple.compilers.llvm.clang.1_0;
				GCC_WARN_ABOUT_RETURN_TYPE = YES;
				GCC_WARN_UNINITIALIZED_AUTOS = YES;
				GCC_WARN_UNUSED_VARIABLE = YES;
				IPHONEOS_DEPLOYMENT_TARGET = 5.1;
				SDKROOT = iphoneos;
			};
			name = Debug;
		};
		4429EB1C15931EC700DF193D /* Release */ = {
			isa = XCBuildConfiguration;
			buildSettings = {
				ALWAYS_SEARCH_USER_PATHS = NO;
				ARCHS = "$(ARCHS_STANDARD_32_BIT)";
				CLANG_ENABLE_OBJC_ARC = YES;
				"CODE_SIGN_IDENTITY[sdk=iphoneos*]" = "iPhone Developer";
				COPY_PHASE_STRIP = YES;
				GCC_C_LANGUAGE_STANDARD = gnu99;
				GCC_VERSION = com.apple.compilers.llvm.clang.1_0;
				GCC_WARN_ABOUT_RETURN_TYPE = YES;
				GCC_WARN_UNINITIALIZED_AUTOS = YES;
				GCC_WARN_UNUSED_VARIABLE = YES;
				IPHONEOS_DEPLOYMENT_TARGET = 5.1;
				OTHER_CFLAGS = "-DNS_BLOCK_ASSERTIONS=1";
				SDKROOT = iphoneos;
				VALIDATE_PRODUCT = YES;
			};
			name = Release;
		};
		4429EB1E15931EC700DF193D /* Debug */ = {
			isa = XCBuildConfiguration;
			buildSettings = {
				GCC_PRECOMPILE_PREFIX_HEADER = YES;
				GCC_PREFIX_HEADER = "DatePickDemo/DatePickDemo-Prefix.pch";
				INFOPLIST_FILE = "DatePickDemo/DatePickDemo-Info.plist";
				PRODUCT_NAME = "$(TARGET_NAME)";
				WRAPPER_EXTENSION = app;
			};
			name = Debug;
		};
		4429EB1F15931EC700DF193D /* Release */ = {
			isa = XCBuildConfiguration;
			buildSettings = {
				GCC_PRECOMPILE_PREFIX_HEADER = YES;
				GCC_PREFIX_HEADER = "DatePickDemo/DatePickDemo-Prefix.pch";
				INFOPLIST_FILE = "DatePickDemo/DatePickDemo-Info.plist";
				PRODUCT_NAME = "$(TARGET_NAME)";
				WRAPPER_EXTENSION = app;
			};
			name = Release;
		};
/* End XCBuildConfiguration section */

/* Begin XCConfigurationList section */
		4429EAF915931EC700DF193D /* Build configuration list for PBXProject "DatePickDemo" */ = {
			isa = XCConfigurationList;
			buildConfigurations = (
				4429EB1B15931EC700DF193D /* Debug */,
				4429EB1C15931EC700DF193D /* Release */,
			);
			defaultConfigurationIsVisible = 0;
			defaultConfigurationName = Release;
		};
		4429EB1D15931EC700DF193D /* Build configuration list for PBXNativeTarget "DatePickDemo" */ = {
			isa = XCConfigurationList;
			buildConfigurations = (
				4429EB1E15931EC700DF193D /* Debug */,
				4429EB1F15931EC700DF193D /* Release */,
			);
			defaultConfigurationIsVisible = 0;
		};
/* End XCConfigurationList section */
	};
	rootObject = 4429EAF615931EC700DF193D /* Project object */;
}
